
Microsoft Visual Studio Solution File, Format Version 12.00
# Visual Studio Version 16
VisualStudioVersion = 16.0.33927.289
MinimumVisualStudioVersion = 10.0.40219.1
Project("{9A19103F-16F7-4668-BE54-9A1E7A4F7556}") = "AbdulsBookStore", "AbdulsBookStore\AbdulsBookStore.csproj", "{76387D8F-3DB1-4FCF-BE4B-B71C7FE50E48}"
EndProject
Project("{FAE04EC0-301F-11D3-BF4B-00C04F79EFBC}") = "AbdulsBooks.DataAccess", "AbdulsBooks.DataAccess\AbdulsBooks.DataAccess.csproj", "{968D30A4-C385-482E-B9A4-9034ECB4F600}"
EndProject
Project("{FAE04EC0-301F-11D3-BF4B-00C04F79EFBC}") = "AbdulsBooks.Models", "AbdulsBooks.Models\AbdulsBooks.Models.csproj", "{380982B2-2AAC-4F78-B91B-F22CDF01BDAE}"
EndProject
Project("{FAE04EC0-301F-11D3-BF4B-00C04F79EFBC}") = "AbdulsBooks.Utility", "AbdulsBooks.Utility\AbdulsBooks.Utility.csproj", "{8379E28F-7CDB-4753-AEBC-F95203B2C7C6}"
EndProject
Global
	GlobalSection(SolutionConfigurationPlatforms) = preSolution
		Debug|Any CPU = Debug|Any CPU
		Release|Any CPU = Release|Any CPU
	EndGlobalSection
	GlobalSection(ProjectConfigurationPlatforms) = postSolution
		{76387D8F-3DB1-4FCF-BE4B-B71C7FE50E48}.Debug|Any CPU.ActiveCfg = Debug|Any CPU
		{76387D8F-3DB1-4FCF-BE4B-B71C7FE50E48}.Debug|Any CPU.Build.0 = Debug|Any CPU
		{76387D8F-3DB1-4FCF-BE4B-B71C7FE50E48}.Release|Any CPU.ActiveCfg = Release|Any CPU
		{76387D8F-3DB1-4FCF-BE4B-B71C7FE50E48}.Release|Any CPU.Build.0 = Release|Any CPU
		{968D30A4-C385-482E-B9A4-9034ECB4F600}.Debug|Any CPU.ActiveCfg = Debug|Any CPU
		{968D30A4-C385-482E-B9A4-9034ECB4F600}.Debug|Any CPU.Build.0 = Debug|Any CPU
		{968D30A4-C385-482E-B9A4-9034ECB4F600}.Release|Any CPU.ActiveCfg = Release|Any CPU
		{968D30A4-C385-482E-B9A4-9034ECB4F600}.Release|Any CPU.Build.0 = Release|Any CPU
		{380982B2-2AAC-4F78-B91B-F22CDF01BDAE}.Debug|Any CPU.ActiveCfg = Debug|Any CPU
		{380982B2-2AAC-4F78-B91B-F22CDF01BDAE}.Debug|Any CPU.Build.0 = Debug|Any CPU
		{380982B2-2AAC-4F78-B91B-F22CDF01BDAE}.Release|Any CPU.ActiveCfg = Release|Any CPU
		{380982B2-2AAC-4F78-B91B-F22CDF01BDAE}.Release|Any CPU.Build.0 = Release|Any CPU
		{8379E28F-7CDB-4753-AEBC-F95203B2C7C6}.Debug|Any CPU.ActiveCfg = Debug|Any CPU
		{8379E28F-7CDB-4753-AEBC-F95203B2C7C6}.Debug|Any CPU.Build.0 = Debug|Any CPU
		{8379E28F-7CDB-4753-AEBC-F95203B2C7C6}.Release|Any CPU.ActiveCfg = Release|Any CPU
		{8379E28F-7CDB-4753-AEBC-F95203B2C7C6}.Release|Any CPU.Build.0 = Release|Any CPU
	EndGlobalSection
	GlobalSection(SolutionProperties) = preSolution
		HideSolutionNode = FALSE
	EndGlobalSection
	GlobalSection(ExtensibilityGlobals) = postSolution
		SolutionGuid = {47DCB332-471B-42EF-8F5D-69A978416049}
	EndGlobalSection
EndGlobal
